
Microsoft Visual Studio Solution File, Format Version 12.00
# Visual Studio 2012
Project("{FAE04EC0-301F-11D3-BF4B-00C04F79EFBC}") = "Glower", "Glower\Glower.csproj", "{D36424F1-BC60-4BDD-A32C-B94C68F2A25C}"
EndProject
Project("{FAE04EC0-301F-11D3-BF4B-00C04F79EFBC}") = "Tests", "Tests\Tests.csproj", "{57C4B247-EBE2-4898-B1E0-9FE968784DF7}"
EndProject
Global
	GlobalSection(SolutionConfigurationPlatforms) = preSolution
		Debug|Any CPU = Debug|Any CPU
		Release|Any CPU = Release|Any CPU
	EndGlobalSection
	GlobalSection(ProjectConfigurationPlatforms) = postSolution
		{57C4B247-EBE2-4898-B1E0-9FE968784DF7}.Debug|Any CPU.ActiveCfg = Debug|Any CPU
		{57C4B247-EBE2-4898-B1E0-9FE968784DF7}.Debug|Any CPU.Build.0 = Debug|Any CPU
		{57C4B247-EBE2-4898-B1E0-9FE968784DF7}.Release|Any CPU.ActiveCfg = Release|Any CPU
		{57C4B247-EBE2-4898-B1E0-9FE968784DF7}.Release|Any CPU.Build.0 = Release|Any CPU
		{D36424F1-BC60-4BDD-A32C-B94C68F2A25C}.Debug|Any CPU.ActiveCfg = Debug|Any CPU
		{D36424F1-BC60-4BDD-A32C-B94C68F2A25C}.Debug|Any CPU.Build.0 = Debug|Any CPU
		{D36424F1-BC60-4BDD-A32C-B94C68F2A25C}.Release|Any CPU.ActiveCfg = Release|Any CPU
		{D36424F1-BC60-4BDD-A32C-B94C68F2A25C}.Release|Any CPU.Build.0 = Release|Any CPU
	EndGlobalSection
	GlobalSection(SolutionProperties) = preSolution
		HideSolutionNode = FALSE
	EndGlobalSection
EndGlobal
